github.com/PaulSonOfLars/gotg_md2html v0.0.0-20240605215313-a6fdd2445f54 h1:zkXZYemy5g4pLYVqGO8KFSkASsLH0coWWCwIzXMuXU8=
github.com/PaulSonOfLars/gotg_md2html v0.0.0-20240605215313-a6fdd2445f54/go.mod h1:1xBfukLsM8dyQska4tSfxWmbRWhYGBzTjLLy8vRG4wc=
github.com/boltdb/bolt v1.3.1 h1:JQmyP4ZBrce+ZQu0dY660FMfatumYDLun9hBCUVIkF4=
github.com/boltdb/bolt v1.3.1/go.mod h1:clJnj/oiGkjum5o1McbSZDSLxVThjynRyGBgiAx27Ps=
github.com/go-telegram-bot-api/telegram-bot-api v4.6.4+incompatible h1:2cauKuaELYAEARXRkq2LrJ0yDDv1rW7+wrTEdVL3uaU=
github.com/go-telegram-bot-api/telegram-bot-api v4.6.4+incompatible/go.mod h1:qf9acutJ8cwBUhm1bqgz6Bei9/C/c93FPDljKWwsOgM=
github.com/go-telegram-bot-api/telegram-bot-api/v5 v5.5.1 h1:wG8n/XJQ07TmjbITcGiUaOtXxdrINDz1b0J1w0SzqDc=
github.com/go-telegram-bot-api/telegram-bot-api/v5 v5.5.1/go.mod h1:A2S0CWkNylc2phvKXWBBdD3K0iGnDBGbzRpISP2zBl8=
github.com/parakeet-nest/parakeet v0.1.4 h1:6+hUwdUF76R2Z+FY7n2DTcWB1W9oOXiBPlQStfhkztA=
github.com/parakeet-nest/parakeet v0.1.4/go.mod h1:CkCk8AnPe1GlEOCdXLPryLAv68kjg0VHd19LWb5u17U=
github.com/technoweenie/multipartstreamer v1.0.1 h1:XRztA5MXiR1TIRHxH2uNxXxaIkKQDeX7m2XsSOlQEnM=
github.com/technoweenie/multipartstreamer v1.0.1/go.mod h1:jNVxdtShOxzAsukZwTSw6MDx5eUJoiEBsSvzDU9uzog=
go.etcd.io/bbolt v1.3.11 h1:yGEzV1wPz2yVCLsD8ZAiGHhHVlczyC9d1rP43/VCRJ0=
go.etcd.io/bbolt v1.3.11/go.mod h1:dksAq7YMXoljX0xu6VF5DMZGbhYYoLUalEiSySYAS4I=
golang.org/x/sys v0.24.0 h1:Twjiwq9dn6R1fQcyiK+wQyHWfaz/BJB+YIpzU/Cv3Xg=
golang.org/x/sys v0.24.0/go.mod h1:/VUhepiaJMQUp4+oa/7Zr1D23ma6VTLIYjOOTFZPUcA=
gopkg.in/telegram-bot-api.v4 v4.6.4 h1:hpHWhzn4jTCsAJZZ2loNKfy2QWyPDRJVl3aTFXeMW8g=
gopkg.in/telegram-bot-api.v4 v4.6.4/go.mod h1:5DpGO5dbumb40px+dXcwCpcjmeHNYLpk0bp3XRNvWDM=
